dependencies:
- name: service-account
  repository: https://ibm-garage-cloud.github.io/toolkit-charts/
  version: 0.5.0
- name: service-account
  repository: https://ibm-garage-cloud.github.io/toolkit-charts/
  version: 0.5.0
- name: artifactory
  repository: https://charts.jfrog.io/
  version: 9.4.5
- name: ocp-route
  repository: https://ibm-garage-cloud.github.io/toolkit-charts/
  version: 0.3.0
- name: tool-config
  repository: https://ibm-garage-cloud.github.io/toolkit-charts/
  version: 0.9.0
- name: setup-job
  repository: https://ibm-garage-cloud.github.io/toolkit-charts/
  version: 0.1.6
digest: sha256:a6f1b86d05312c037ddebfc6aed740d41b593fae4df297414f876001e2c214ed
generated: "2020-08-16T11:48:21.882963-05:00"
