dependencies:
- name: service-account
  repository: https://ibm-garage-cloud.github.io/toolkit-charts/
  version: 0.4.0
- name: artifactory
  repository: https://charts.jfrog.io/
  version: 9.4.5
- name: ocp-route
  repository: https://ibm-garage-cloud.github.io/toolkit-charts/
  version: 0.3.0
- name: tool-config
  repository: https://ibm-garage-cloud.github.io/toolkit-charts/
  version: 0.9.0
- name: setup-job
  repository: https://ibm-garage-cloud.github.io/toolkit-charts/
  version: 0.1.1
digest: sha256:b4c0a0193ec81e0d22391c01cd386f9dba05d40b7e89cc2edb1f3314a17c3621
generated: "2020-08-04T23:59:51.81015-05:00"
