dependencies:
- name: service-account
  repository: https://ibm-garage-cloud.github.io/toolkit-charts/
  version: 0.3.0
- name: artifactory
  repository: https://charts.jfrog.io/
  version: 9.4.5
- name: ocp-route
  repository: https://ibm-garage-cloud.github.io/toolkit-charts/
  version: 0.3.0
- name: tool-config
  repository: https://ibm-garage-cloud.github.io/toolkit-charts/
  version: 0.5.0
digest: sha256:012190bcecb136b7fb5b45afbe662485059c3f5c3293ef9112d9ff612d1355c6
generated: "2020-06-21T23:16:21.649416-05:00"
